
Microsoft Visual Studio Solution File, Format Version 12.00
# Visual Studio Version 17
VisualStudioVersion = 17.9.34622.214
MinimumVisualStudioVersion = 10.0.40219.1
Project("{FAE04EC0-301F-11D3-BF4B-00C04F79EFBC}") = "LengthCalculator", "LengthCalculator.csproj", "{8D9A8FBA-38DC-49B1-8213-6F0236277BAF}"
EndProject
Global
	GlobalSection(SolutionConfigurationPlatforms) = preSolution
		Debug|Any CPU = Debug|Any CPU
		Release|Any CPU = Release|Any CPU
	EndGlobalSection
	GlobalSection(ProjectConfigurationPlatforms) = postSolution
		{8D9A8FBA-38DC-49B1-8213-6F0236277BAF}.Debug|Any CPU.ActiveCfg = Debug|Any CPU
		{8D9A8FBA-38DC-49B1-8213-6F0236277BAF}.Debug|Any CPU.Build.0 = Debug|Any CPU
		{8D9A8FBA-38DC-49B1-8213-6F0236277BAF}.Release|Any CPU.ActiveCfg = Release|Any CPU
		{8D9A8FBA-38DC-49B1-8213-6F0236277BAF}.Release|Any CPU.Build.0 = Release|Any CPU
	EndGlobalSection
	GlobalSection(SolutionProperties) = preSolution
		HideSolutionNode = FALSE
	EndGlobalSection
	GlobalSection(ExtensibilityGlobals) = postSolution
		SolutionGuid = {0843DDD4-B977-490F-A0ED-E227F7461BD4}
	EndGlobalSection
EndGlobal
